
Microsoft Visual Studio Solution File, Format Version 12.00
# Visual Studio Version 17
VisualStudioVersion = 17.11.35327.3
MinimumVisualStudioVersion = 10.0.40219.1
Project("{2150E333-8FDC-42A3-9474-1A3956D46DE8}") = "Services", "Services", "{72E3F3DD-7394-478A-BB47-BC372130626C}"
EndProject
Project("{2150E333-8FDC-42A3-9474-1A3956D46DE8}") = "Catalog", "Catalog", "{C5669028-72DA-4814-8C1A-4AF6F78C64B7}"
EndProject
Project("{9A19103F-16F7-4668-BE54-9A1E7A4F7556}") = "Shop.Catalog", "Services\Catalog\Shop.Catalog\Shop.Catalog.csproj", "{BB49B9FA-8ABD-4099-9E2B-4B7A8BE6EAA5}"
EndProject
Project("{2150E333-8FDC-42A3-9474-1A3956D46DE8}") = "Discount", "Discount", "{D8710310-0E8E-4F21-8C03-4E04A4C389E5}"
EndProject
Project("{2150E333-8FDC-42A3-9474-1A3956D46DE8}") = "Order", "Order", "{62B2F1FA-4869-4FBE-932E-7CE99BB6F46C}"
EndProject
Project("{2150E333-8FDC-42A3-9474-1A3956D46DE8}") = "Core", "Core", "{B4C24ED2-B51A-4E11-9B98-56AB0F938959}"
EndProject
Project("{2150E333-8FDC-42A3-9474-1A3956D46DE8}") = "Infrastructure", "Infrastructure", "{CD8A6484-BE4C-4957-A4BB-6F1938AB0790}"
EndProject
Project("{2150E333-8FDC-42A3-9474-1A3956D46DE8}") = "Presentation", "Presentation", "{52529047-FF70-48F2-A0AB-6B45DEF484F2}"
EndProject
Project("{9A19103F-16F7-4668-BE54-9A1E7A4F7556}") = "Shop.Order.Domain", "Services\Order\Core\Shop.Order.Domain\Shop.Order.Domain.csproj", "{9E2AB47F-A33A-481A-A912-37C7AE442AE9}"
EndProject
Project("{9A19103F-16F7-4668-BE54-9A1E7A4F7556}") = "Shop.Order.Application", "Services\Order\Core\Shop.Order.Application\Shop.Order.Application.csproj", "{51F08B56-1E75-42CA-BEDE-998F818AF6EC}"
EndProject
Project("{9A19103F-16F7-4668-BE54-9A1E7A4F7556}") = "Shop.Order.Persistence", "Services\Order\Infrastructure\Shop.Order.Persistence\Shop.Order.Persistence.csproj", "{410D699E-9158-44B8-B8DF-A7A1682CD774}"
EndProject
Project("{9A19103F-16F7-4668-BE54-9A1E7A4F7556}") = "Shop.Order.WebApi", "Services\Order\Presentation\Shop.Order.WebApi\Shop.Order.WebApi.csproj", "{F70CEE19-F298-4D85-AC1F-AF076C9906C3}"
EndProject
Project("{2150E333-8FDC-42A3-9474-1A3956D46DE8}") = "IdentityServer", "IdentityServer", "{D6A110FA-8A0F-43FF-A323-BBFA397E4F66}"
EndProject
Project("{9A19103F-16F7-4668-BE54-9A1E7A4F7556}") = "Shop.IdentityServer", "IdentityServer\Shop.IdentityServer\Shop.IdentityServer.csproj", "{6DF31912-0A08-40D6-B96A-8F253EECE3C2}"
EndProject
Project("{9A19103F-16F7-4668-BE54-9A1E7A4F7556}") = "Shop.Discount", "Services\Discount\Shop.Discount\Shop.Discount.csproj", "{397BB636-CDF5-44CB-A8C8-24329EAC3C3D}"
EndProject
Project("{2150E333-8FDC-42A3-9474-1A3956D46DE8}") = "Cargo", "Cargo", "{280A7B85-EA55-4E5D-9E3D-BA138CFBF8B5}"
EndProject
Project("{9A19103F-16F7-4668-BE54-9A1E7A4F7556}") = "Shop.Cargo.Business", "Services\Cargo\Shop.Cargo.Business\Shop.Cargo.Business.csproj", "{9759B26F-A78A-46E9-BB7A-D7D3F245D6D2}"
EndProject
Project("{9A19103F-16F7-4668-BE54-9A1E7A4F7556}") = "Shop.Cargo.Entity", "Services\Cargo\Shop.Cargo.Entity\Shop.Cargo.Entity.csproj", "{BC36C1D3-68B0-4823-A71E-C5153E9E0F23}"
EndProject
Project("{9A19103F-16F7-4668-BE54-9A1E7A4F7556}") = "Shop.Cargo.DataAccess", "Services\Cargo\Shop.Cargo.DataAccess\Shop.Cargo.DataAccess.csproj", "{DC3BAABA-3E6D-4189-80E2-E50808E329E4}"
EndProject
Project("{9A19103F-16F7-4668-BE54-9A1E7A4F7556}") = "Shop.Cargo.Dto", "Services\Cargo\Shop.Cargo.Dto\Shop.Cargo.Dto.csproj", "{A32EE90D-6C85-4B84-983B-6567FF66A686}"
EndProject
Project("{9A19103F-16F7-4668-BE54-9A1E7A4F7556}") = "Shop.Cargo.WebApi", "Services\Cargo\Shop.Cargo.WebApi\Shop.Cargo.WebApi.csproj", "{7E7F14C5-5177-40D2-BB98-19E4A4087F4C}"
EndProject
Project("{2150E333-8FDC-42A3-9474-1A3956D46DE8}") = "Basket", "Basket", "{04912904-1029-4E89-BFDF-90226057E425}"
EndProject
Project("{2150E333-8FDC-42A3-9474-1A3956D46DE8}") = "Frontends", "Frontends", "{B4BDBA25-45EA-445B-9159-0F46A106F79D}"
EndProject
Project("{9A19103F-16F7-4668-BE54-9A1E7A4F7556}") = "Shop.WebUI", "Frontends\Shop.WebUI\Shop.WebUI.csproj", "{1811C6C9-B993-44A8-8BF7-EFDD5F99C355}"
EndProject
Project("{2150E333-8FDC-42A3-9474-1A3956D46DE8}") = "Review", "Review", "{0A808D3D-E261-4E7D-97D0-13EF399B7D9F}"
EndProject
Project("{9A19103F-16F7-4668-BE54-9A1E7A4F7556}") = "Shop.Review", "Services\Review\Shop.Review\Shop.Review.csproj", "{2177D569-34C2-481D-A769-C5A78B83E491}"
EndProject
Project("{9A19103F-16F7-4668-BE54-9A1E7A4F7556}") = "Shop.Basket", "Services\Basket\Shop.Basket\Shop.Basket.csproj", "{8F4A80C4-DFC5-46D3-ABD2-E6AB3B725A69}"
EndProject
Project("{9A19103F-16F7-4668-BE54-9A1E7A4F7556}") = "Shop.AdminUI", "Frontends\Shop.AdminUI\Shop.AdminUI.csproj", "{E3895FA5-E48B-4143-80DF-F28F52AFD497}"
EndProject
Project("{2150E333-8FDC-42A3-9474-1A3956D46DE8}") = "ApiGateway", "ApiGateway", "{9EC59E4F-9522-4CFC-ACB7-57B0C0960A6B}"
EndProject
Project("{9A19103F-16F7-4668-BE54-9A1E7A4F7556}") = "Shop.OcelotGateway", "ApiGateway\Shop.OcelotGateway\Shop.OcelotGateway.csproj", "{90A912B8-8B2B-434C-88D8-3C01BD60316B}"
EndProject
Project("{2150E333-8FDC-42A3-9474-1A3956D46DE8}") = "Payment", "Payment", "{309FF9CB-EE3A-4992-AAFC-49328A5ED18C}"
EndProject
Project("{9A19103F-16F7-4668-BE54-9A1E7A4F7556}") = "Shop.Payment", "Services\Payment\Shop.Payment\Shop.Payment.csproj", "{EEEDC52E-7062-4023-9115-28C7692B0AC7}"
EndProject
Project("{2150E333-8FDC-42A3-9474-1A3956D46DE8}") = "Images", "Images", "{9EFA8AEC-4D93-4D59-A8A8-7D6DB016716A}"
EndProject
Project("{9A19103F-16F7-4668-BE54-9A1E7A4F7556}") = "Shop.Images", "Services\Images\Shop.Images\Shop.Images.csproj", "{F9C1F2AA-8AB9-451A-87AB-D09F2DDB87DE}"
EndProject
Project("{FAE04EC0-301F-11D3-BF4B-00C04F79EFBC}") = "Shop.ServiceDistribute", "Frontends\Shop.ServiceDistribute\Shop.ServiceDistribute.csproj", "{C12F6ED4-DD53-4DA9-9D14-8921EE5CBB33}"
EndProject
Project("{2150E333-8FDC-42A3-9474-1A3956D46DE8}") = "Aspire", "Aspire", "{D97FE73A-B8A1-4599-9230-B85C3FF50F12}"
EndProject
Project("{FAE04EC0-301F-11D3-BF4B-00C04F79EFBC}") = "Shop.Aspire.AppHost", "Aspire\Shop.Aspire.AppHost\Shop.Aspire.AppHost.csproj", "{69B39302-A799-4CE3-8C86-EC788C7D9535}"
EndProject
Project("{FAE04EC0-301F-11D3-BF4B-00C04F79EFBC}") = "Shop.Aspire.ServiceDefaults", "Aspire\Shop.Aspire.ServiceDefaults\Shop.Aspire.ServiceDefaults.csproj", "{E24D06F6-5EE7-4D2E-AEA9-658EBC1CBA11}"
EndProject
Project("{2150E333-8FDC-42A3-9474-1A3956D46DE8}") = "Message", "Message", "{3807D6CF-F281-45B1-A369-8ABC5EAF8FF3}"
EndProject
Project("{FAE04EC0-301F-11D3-BF4B-00C04F79EFBC}") = "Shop.Message", "Services\Message\Shop.Message\Shop.Message.csproj", "{D5999734-67BB-4F0A-AE9F-DA1DA6143A0D}"
EndProject
Project("{2150E333-8FDC-42A3-9474-1A3956D46DE8}") = "SignalR", "SignalR", "{0B32010A-9122-4FD3-A9BD-5C2F3761226B}"
EndProject
Project("{FAE04EC0-301F-11D3-BF4B-00C04F79EFBC}") = "Shop.SignalR", "Services\SignalR\Shop.SignalR\Shop.SignalR.csproj", "{A97A8BD3-2064-4ABA-B8B4-694B9F21FC14}"
EndProject
Global
	GlobalSection(SolutionConfigurationPlatforms) = preSolution
		Debug|Any CPU = Debug|Any CPU
		Release|Any CPU = Release|Any CPU
	EndGlobalSection
	GlobalSection(ProjectConfigurationPlatforms) = postSolution
		{BB49B9FA-8ABD-4099-9E2B-4B7A8BE6EAA5}.Debug|Any CPU.ActiveCfg = Debug|Any CPU
		{BB49B9FA-8ABD-4099-9E2B-4B7A8BE6EAA5}.Debug|Any CPU.Build.0 = Debug|Any CPU
		{BB49B9FA-8ABD-4099-9E2B-4B7A8BE6EAA5}.Release|Any CPU.ActiveCfg = Release|Any CPU
		{BB49B9FA-8ABD-4099-9E2B-4B7A8BE6EAA5}.Release|Any CPU.Build.0 = Release|Any CPU
		{9E2AB47F-A33A-481A-A912-37C7AE442AE9}.Debug|Any CPU.ActiveCfg = Debug|Any CPU
		{9E2AB47F-A33A-481A-A912-37C7AE442AE9}.Debug|Any CPU.Build.0 = Debug|Any CPU
		{9E2AB47F-A33A-481A-A912-37C7AE442AE9}.Release|Any CPU.ActiveCfg = Release|Any CPU
		{9E2AB47F-A33A-481A-A912-37C7AE442AE9}.Release|Any CPU.Build.0 = Release|Any CPU
		{51F08B56-1E75-42CA-BEDE-998F818AF6EC}.Debug|Any CPU.ActiveCfg = Debug|Any CPU
		{51F08B56-1E75-42CA-BEDE-998F818AF6EC}.Debug|Any CPU.Build.0 = Debug|Any CPU
		{51F08B56-1E75-42CA-BEDE-998F818AF6EC}.Release|Any CPU.ActiveCfg = Release|Any CPU
		{51F08B56-1E75-42CA-BEDE-998F818AF6EC}.Release|Any CPU.Build.0 = Release|Any CPU
		{410D699E-9158-44B8-B8DF-A7A1682CD774}.Debug|Any CPU.ActiveCfg = Debug|Any CPU
		{410D699E-9158-44B8-B8DF-A7A1682CD774}.Debug|Any CPU.Build.0 = Debug|Any CPU
		{410D699E-9158-44B8-B8DF-A7A1682CD774}.Release|Any CPU.ActiveCfg = Release|Any CPU
		{410D699E-9158-44B8-B8DF-A7A1682CD774}.Release|Any CPU.Build.0 = Release|Any CPU
		{F70CEE19-F298-4D85-AC1F-AF076C9906C3}.Debug|Any CPU.ActiveCfg = Debug|Any CPU
		{F70CEE19-F298-4D85-AC1F-AF076C9906C3}.Debug|Any CPU.Build.0 = Debug|Any CPU
		{F70CEE19-F298-4D85-AC1F-AF076C9906C3}.Release|Any CPU.ActiveCfg = Release|Any CPU
		{F70CEE19-F298-4D85-AC1F-AF076C9906C3}.Release|Any CPU.Build.0 = Release|Any CPU
		{6DF31912-0A08-40D6-B96A-8F253EECE3C2}.Debug|Any CPU.ActiveCfg = Debug|Any CPU
		{6DF31912-0A08-40D6-B96A-8F253EECE3C2}.Debug|Any CPU.Build.0 = Debug|Any CPU
		{6DF31912-0A08-40D6-B96A-8F253EECE3C2}.Release|Any CPU.ActiveCfg = Release|Any CPU
		{6DF31912-0A08-40D6-B96A-8F253EECE3C2}.Release|Any CPU.Build.0 = Release|Any CPU
		{397BB636-CDF5-44CB-A8C8-24329EAC3C3D}.Debug|Any CPU.ActiveCfg = Debug|Any CPU
		{397BB636-CDF5-44CB-A8C8-24329EAC3C3D}.Debug|Any CPU.Build.0 = Debug|Any CPU
		{397BB636-CDF5-44CB-A8C8-24329EAC3C3D}.Release|Any CPU.ActiveCfg = Release|Any CPU
		{397BB636-CDF5-44CB-A8C8-24329EAC3C3D}.Release|Any CPU.Build.0 = Release|Any CPU
		{9759B26F-A78A-46E9-BB7A-D7D3F245D6D2}.Debug|Any CPU.ActiveCfg = Debug|Any CPU
		{9759B26F-A78A-46E9-BB7A-D7D3F245D6D2}.Debug|Any CPU.Build.0 = Debug|Any CPU
		{9759B26F-A78A-46E9-BB7A-D7D3F245D6D2}.Release|Any CPU.ActiveCfg = Release|Any CPU
		{9759B26F-A78A-46E9-BB7A-D7D3F245D6D2}.Release|Any CPU.Build.0 = Release|Any CPU
		{BC36C1D3-68B0-4823-A71E-C5153E9E0F23}.Debug|Any CPU.ActiveCfg = Debug|Any CPU
		{BC36C1D3-68B0-4823-A71E-C5153E9E0F23}.Debug|Any CPU.Build.0 = Debug|Any CPU
		{BC36C1D3-68B0-4823-A71E-C5153E9E0F23}.Release|Any CPU.ActiveCfg = Release|Any CPU
		{BC36C1D3-68B0-4823-A71E-C5153E9E0F23}.Release|Any CPU.Build.0 = Release|Any CPU
		{DC3BAABA-3E6D-4189-80E2-E50808E329E4}.Debug|Any CPU.ActiveCfg = Debug|Any CPU
		{DC3BAABA-3E6D-4189-80E2-E50808E329E4}.Debug|Any CPU.Build.0 = Debug|Any CPU
		{DC3BAABA-3E6D-4189-80E2-E50808E329E4}.Release|Any CPU.ActiveCfg = Release|Any CPU
		{DC3BAABA-3E6D-4189-80E2-E50808E329E4}.Release|Any CPU.Build.0 = Release|Any CPU
		{A32EE90D-6C85-4B84-983B-6567FF66A686}.Debug|Any CPU.ActiveCfg = Debug|Any CPU
		{A32EE90D-6C85-4B84-983B-6567FF66A686}.Debug|Any CPU.Build.0 = Debug|Any CPU
		{A32EE90D-6C85-4B84-983B-6567FF66A686}.Release|Any CPU.ActiveCfg = Release|Any CPU
		{A32EE90D-6C85-4B84-983B-6567FF66A686}.Release|Any CPU.Build.0 = Release|Any CPU
		{7E7F14C5-5177-40D2-BB98-19E4A4087F4C}.Debug|Any CPU.ActiveCfg = Debug|Any CPU
		{7E7F14C5-5177-40D2-BB98-19E4A4087F4C}.Debug|Any CPU.Build.0 = Debug|Any CPU
		{7E7F14C5-5177-40D2-BB98-19E4A4087F4C}.Release|Any CPU.ActiveCfg = Release|Any CPU
		{7E7F14C5-5177-40D2-BB98-19E4A4087F4C}.Release|Any CPU.Build.0 = Release|Any CPU
		{1811C6C9-B993-44A8-8BF7-EFDD5F99C355}.Debug|Any CPU.ActiveCfg = Debug|Any CPU
		{1811C6C9-B993-44A8-8BF7-EFDD5F99C355}.Debug|Any CPU.Build.0 = Debug|Any CPU
		{1811C6C9-B993-44A8-8BF7-EFDD5F99C355}.Release|Any CPU.ActiveCfg = Release|Any CPU
		{1811C6C9-B993-44A8-8BF7-EFDD5F99C355}.Release|Any CPU.Build.0 = Release|Any CPU
		{2177D569-34C2-481D-A769-C5A78B83E491}.Debug|Any CPU.ActiveCfg = Debug|Any CPU
		{2177D569-34C2-481D-A769-C5A78B83E491}.Debug|Any CPU.Build.0 = Debug|Any CPU
		{2177D569-34C2-481D-A769-C5A78B83E491}.Release|Any CPU.ActiveCfg = Release|Any CPU
		{2177D569-34C2-481D-A769-C5A78B83E491}.Release|Any CPU.Build.0 = Release|Any CPU
		{8F4A80C4-DFC5-46D3-ABD2-E6AB3B725A69}.Debug|Any CPU.ActiveCfg = Debug|Any CPU
		{8F4A80C4-DFC5-46D3-ABD2-E6AB3B725A69}.Debug|Any CPU.Build.0 = Debug|Any CPU
		{8F4A80C4-DFC5-46D3-ABD2-E6AB3B725A69}.Release|Any CPU.ActiveCfg = Release|Any CPU
		{8F4A80C4-DFC5-46D3-ABD2-E6AB3B725A69}.Release|Any CPU.Build.0 = Release|Any CPU
		{E3895FA5-E48B-4143-80DF-F28F52AFD497}.Debug|Any CPU.ActiveCfg = Debug|Any CPU
		{E3895FA5-E48B-4143-80DF-F28F52AFD497}.Debug|Any CPU.Build.0 = Debug|Any CPU
		{E3895FA5-E48B-4143-80DF-F28F52AFD497}.Release|Any CPU.ActiveCfg = Release|Any CPU
		{E3895FA5-E48B-4143-80DF-F28F52AFD497}.Release|Any CPU.Build.0 = Release|Any CPU
		{90A912B8-8B2B-434C-88D8-3C01BD60316B}.Debug|Any CPU.ActiveCfg = Debug|Any CPU
		{90A912B8-8B2B-434C-88D8-3C01BD60316B}.Debug|Any CPU.Build.0 = Debug|Any CPU
		{90A912B8-8B2B-434C-88D8-3C01BD60316B}.Release|Any CPU.ActiveCfg = Release|Any CPU
		{90A912B8-8B2B-434C-88D8-3C01BD60316B}.Release|Any CPU.Build.0 = Release|Any CPU
		{EEEDC52E-7062-4023-9115-28C7692B0AC7}.Debug|Any CPU.ActiveCfg = Debug|Any CPU
		{EEEDC52E-7062-4023-9115-28C7692B0AC7}.Debug|Any CPU.Build.0 = Debug|Any CPU
		{EEEDC52E-7062-4023-9115-28C7692B0AC7}.Release|Any CPU.ActiveCfg = Release|Any CPU
		{EEEDC52E-7062-4023-9115-28C7692B0AC7}.Release|Any CPU.Build.0 = Release|Any CPU
		{F9C1F2AA-8AB9-451A-87AB-D09F2DDB87DE}.Debug|Any CPU.ActiveCfg = Debug|Any CPU
		{F9C1F2AA-8AB9-451A-87AB-D09F2DDB87DE}.Debug|Any CPU.Build.0 = Debug|Any CPU
		{F9C1F2AA-8AB9-451A-87AB-D09F2DDB87DE}.Release|Any CPU.ActiveCfg = Release|Any CPU
		{F9C1F2AA-8AB9-451A-87AB-D09F2DDB87DE}.Release|Any CPU.Build.0 = Release|Any CPU
		{C12F6ED4-DD53-4DA9-9D14-8921EE5CBB33}.Debug|Any CPU.ActiveCfg = Debug|Any CPU
		{C12F6ED4-DD53-4DA9-9D14-8921EE5CBB33}.Debug|Any CPU.Build.0 = Debug|Any CPU
		{C12F6ED4-DD53-4DA9-9D14-8921EE5CBB33}.Release|Any CPU.ActiveCfg = Release|Any CPU
		{C12F6ED4-DD53-4DA9-9D14-8921EE5CBB33}.Release|Any CPU.Build.0 = Release|Any CPU
		{69B39302-A799-4CE3-8C86-EC788C7D9535}.Debug|Any CPU.ActiveCfg = Debug|Any CPU
		{69B39302-A799-4CE3-8C86-EC788C7D9535}.Debug|Any CPU.Build.0 = Debug|Any CPU
		{69B39302-A799-4CE3-8C86-EC788C7D9535}.Release|Any CPU.ActiveCfg = Release|Any CPU
		{69B39302-A799-4CE3-8C86-EC788C7D9535}.Release|Any CPU.Build.0 = Release|Any CPU
		{E24D06F6-5EE7-4D2E-AEA9-658EBC1CBA11}.Debug|Any CPU.ActiveCfg = Debug|Any CPU
		{E24D06F6-5EE7-4D2E-AEA9-658EBC1CBA11}.Debug|Any CPU.Build.0 = Debug|Any CPU
		{E24D06F6-5EE7-4D2E-AEA9-658EBC1CBA11}.Release|Any CPU.ActiveCfg = Release|Any CPU
		{E24D06F6-5EE7-4D2E-AEA9-658EBC1CBA11}.Release|Any CPU.Build.0 = Release|Any CPU
		{D5999734-67BB-4F0A-AE9F-DA1DA6143A0D}.Debug|Any CPU.ActiveCfg = Debug|Any CPU
		{D5999734-67BB-4F0A-AE9F-DA1DA6143A0D}.Debug|Any CPU.Build.0 = Debug|Any CPU
		{D5999734-67BB-4F0A-AE9F-DA1DA6143A0D}.Release|Any CPU.ActiveCfg = Release|Any CPU
		{D5999734-67BB-4F0A-AE9F-DA1DA6143A0D}.Release|Any CPU.Build.0 = Release|Any CPU
		{A97A8BD3-2064-4ABA-B8B4-694B9F21FC14}.Debug|Any CPU.ActiveCfg = Debug|Any CPU
		{A97A8BD3-2064-4ABA-B8B4-694B9F21FC14}.Debug|Any CPU.Build.0 = Debug|Any CPU
		{A97A8BD3-2064-4ABA-B8B4-694B9F21FC14}.Release|Any CPU.ActiveCfg = Release|Any CPU
		{A97A8BD3-2064-4ABA-B8B4-694B9F21FC14}.Release|Any CPU.Build.0 = Release|Any CPU
	EndGlobalSection
	GlobalSection(SolutionProperties) = preSolution
		HideSolutionNode = FALSE
	EndGlobalSection
	GlobalSection(NestedProjects) = preSolution
		{C5669028-72DA-4814-8C1A-4AF6F78C64B7} = {72E3F3DD-7394-478A-BB47-BC372130626C}
		{BB49B9FA-8ABD-4099-9E2B-4B7A8BE6EAA5} = {C5669028-72DA-4814-8C1A-4AF6F78C64B7}
		{D8710310-0E8E-4F21-8C03-4E04A4C389E5} = {72E3F3DD-7394-478A-BB47-BC372130626C}
		{62B2F1FA-4869-4FBE-932E-7CE99BB6F46C} = {72E3F3DD-7394-478A-BB47-BC372130626C}
		{B4C24ED2-B51A-4E11-9B98-56AB0F938959} = {62B2F1FA-4869-4FBE-932E-7CE99BB6F46C}
		{CD8A6484-BE4C-4957-A4BB-6F1938AB0790} = {62B2F1FA-4869-4FBE-932E-7CE99BB6F46C}
		{52529047-FF70-48F2-A0AB-6B45DEF484F2} = {62B2F1FA-4869-4FBE-932E-7CE99BB6F46C}
		{9E2AB47F-A33A-481A-A912-37C7AE442AE9} = {B4C24ED2-B51A-4E11-9B98-56AB0F938959}
		{51F08B56-1E75-42CA-BEDE-998F818AF6EC} = {B4C24ED2-B51A-4E11-9B98-56AB0F938959}
		{410D699E-9158-44B8-B8DF-A7A1682CD774} = {CD8A6484-BE4C-4957-A4BB-6F1938AB0790}
		{F70CEE19-F298-4D85-AC1F-AF076C9906C3} = {52529047-FF70-48F2-A0AB-6B45DEF484F2}
		{6DF31912-0A08-40D6-B96A-8F253EECE3C2} = {D6A110FA-8A0F-43FF-A323-BBFA397E4F66}
		{397BB636-CDF5-44CB-A8C8-24329EAC3C3D} = {D8710310-0E8E-4F21-8C03-4E04A4C389E5}
		{280A7B85-EA55-4E5D-9E3D-BA138CFBF8B5} = {72E3F3DD-7394-478A-BB47-BC372130626C}
		{9759B26F-A78A-46E9-BB7A-D7D3F245D6D2} = {280A7B85-EA55-4E5D-9E3D-BA138CFBF8B5}
		{BC36C1D3-68B0-4823-A71E-C5153E9E0F23} = {280A7B85-EA55-4E5D-9E3D-BA138CFBF8B5}
		{DC3BAABA-3E6D-4189-80E2-E50808E329E4} = {280A7B85-EA55-4E5D-9E3D-BA138CFBF8B5}
		{A32EE90D-6C85-4B84-983B-6567FF66A686} = {280A7B85-EA55-4E5D-9E3D-BA138CFBF8B5}
		{7E7F14C5-5177-40D2-BB98-19E4A4087F4C} = {280A7B85-EA55-4E5D-9E3D-BA138CFBF8B5}
		{04912904-1029-4E89-BFDF-90226057E425} = {72E3F3DD-7394-478A-BB47-BC372130626C}
		{1811C6C9-B993-44A8-8BF7-EFDD5F99C355} = {B4BDBA25-45EA-445B-9159-0F46A106F79D}
		{0A808D3D-E261-4E7D-97D0-13EF399B7D9F} = {72E3F3DD-7394-478A-BB47-BC372130626C}
		{2177D569-34C2-481D-A769-C5A78B83E491} = {0A808D3D-E261-4E7D-97D0-13EF399B7D9F}
		{8F4A80C4-DFC5-46D3-ABD2-E6AB3B725A69} = {04912904-1029-4E89-BFDF-90226057E425}
		{E3895FA5-E48B-4143-80DF-F28F52AFD497} = {B4BDBA25-45EA-445B-9159-0F46A106F79D}
		{90A912B8-8B2B-434C-88D8-3C01BD60316B} = {9EC59E4F-9522-4CFC-ACB7-57B0C0960A6B}
		{309FF9CB-EE3A-4992-AAFC-49328A5ED18C} = {72E3F3DD-7394-478A-BB47-BC372130626C}
		{EEEDC52E-7062-4023-9115-28C7692B0AC7} = {309FF9CB-EE3A-4992-AAFC-49328A5ED18C}
		{9EFA8AEC-4D93-4D59-A8A8-7D6DB016716A} = {72E3F3DD-7394-478A-BB47-BC372130626C}
		{F9C1F2AA-8AB9-451A-87AB-D09F2DDB87DE} = {9EFA8AEC-4D93-4D59-A8A8-7D6DB016716A}
		{C12F6ED4-DD53-4DA9-9D14-8921EE5CBB33} = {B4BDBA25-45EA-445B-9159-0F46A106F79D}
		{69B39302-A799-4CE3-8C86-EC788C7D9535} = {D97FE73A-B8A1-4599-9230-B85C3FF50F12}
		{E24D06F6-5EE7-4D2E-AEA9-658EBC1CBA11} = {D97FE73A-B8A1-4599-9230-B85C3FF50F12}
		{3807D6CF-F281-45B1-A369-8ABC5EAF8FF3} = {72E3F3DD-7394-478A-BB47-BC372130626C}
		{D5999734-67BB-4F0A-AE9F-DA1DA6143A0D} = {3807D6CF-F281-45B1-A369-8ABC5EAF8FF3}
		{0B32010A-9122-4FD3-A9BD-5C2F3761226B} = {72E3F3DD-7394-478A-BB47-BC372130626C}
		{A97A8BD3-2064-4ABA-B8B4-694B9F21FC14} = {0B32010A-9122-4FD3-A9BD-5C2F3761226B}
	EndGlobalSection
	GlobalSection(ExtensibilityGlobals) = postSolution
		SolutionGuid = {BA12E9D3-B8EC-4D4B-928A-0BDA681F68FA}
	EndGlobalSection
EndGlobal
